
Microsoft Visual Studio Solution File, Format Version 12.00
Project("{FAE04EC0-301F-11D3-BF4B-00C04F79EFBC}") = "TakLikParking", "TakLikParking\TakLikParking.csproj", "{2BD1A60D-C68C-492B-A155-49B063EA3D18}"
EndProject
Global
	GlobalSection(SolutionConfigurationPlatforms) = preSolution
		Debug|Any CPU = Debug|Any CPU
		Release|Any CPU = Release|Any CPU
	EndGlobalSection
	GlobalSection(ProjectConfigurationPlatforms) = postSolution
		{2BD1A60D-C68C-492B-A155-49B063EA3D18}.Debug|Any CPU.ActiveCfg = Debug|Any CPU
		{2BD1A60D-C68C-492B-A155-49B063EA3D18}.Debug|Any CPU.Build.0 = Debug|Any CPU
		{2BD1A60D-C68C-492B-A155-49B063EA3D18}.Release|Any CPU.ActiveCfg = Release|Any CPU
		{2BD1A60D-C68C-492B-A155-49B063EA3D18}.Release|Any CPU.Build.0 = Release|Any CPU
	EndGlobalSection
EndGlobal
